
Microsoft Visual Studio Solution File, Format Version 12.00
# Visual Studio Version 16
VisualStudioVersion = 16.0.29123.88
MinimumVisualStudioVersion = 10.0.40219.1
Project("{9A19103F-16F7-4668-BE54-9A1E7A4F7556}") = "MvcMovie2IntTest", "MvcMovie2IntTest.csproj", "{C088E785-8661-4387-AD4B-872EBBF7B3AF}"
EndProject
Project("{9A19103F-16F7-4668-BE54-9A1E7A4F7556}") = "MvcMovie2", "..\MvcMovie2\MvcMovie2.csproj", "{F1066B53-AA64-427A-959E-B76E13F9D9B1}"
EndProject
Global
	GlobalSection(SolutionConfigurationPlatforms) = preSolution
		Debug|Any CPU = Debug|Any CPU
		Release|Any CPU = Release|Any CPU
	EndGlobalSection
	GlobalSection(ProjectConfigurationPlatforms) = postSolution
		{C088E785-8661-4387-AD4B-872EBBF7B3AF}.Debug|Any CPU.ActiveCfg = Debug|Any CPU
		{C088E785-8661-4387-AD4B-872EBBF7B3AF}.Debug|Any CPU.Build.0 = Debug|Any CPU
		{C088E785-8661-4387-AD4B-872EBBF7B3AF}.Release|Any CPU.ActiveCfg = Release|Any CPU
		{C088E785-8661-4387-AD4B-872EBBF7B3AF}.Release|Any CPU.Build.0 = Release|Any CPU
		{F1066B53-AA64-427A-959E-B76E13F9D9B1}.Debug|Any CPU.ActiveCfg = Debug|Any CPU
		{F1066B53-AA64-427A-959E-B76E13F9D9B1}.Debug|Any CPU.Build.0 = Debug|Any CPU
		{F1066B53-AA64-427A-959E-B76E13F9D9B1}.Release|Any CPU.ActiveCfg = Release|Any CPU
		{F1066B53-AA64-427A-959E-B76E13F9D9B1}.Release|Any CPU.Build.0 = Release|Any CPU
	EndGlobalSection
	GlobalSection(SolutionProperties) = preSolution
		HideSolutionNode = FALSE
	EndGlobalSection
	GlobalSection(ExtensibilityGlobals) = postSolution
		SolutionGuid = {AB8DC20D-DB95-49E6-80EA-4FB693C75CC2}
	EndGlobalSection
EndGlobal
